// !$*UTF8*$!
{
	archiveVersion = 1;
	classes = {
	};
	objectVersion = 46;
	objects = {

/* Begin PBXBuildFile section */
		947C76E404D61F1591E8454E /* Pods_WaveExamTests.framework in Frameworks */ = {isa = PBXBuildFile; fileRef = 16EBA5249BC6677A89977BDE /* Pods_WaveExamTests.framework */; };
		E22BEEC920425AA200C504AC /* Model.swift in Sources */ = {isa = PBXBuildFile; fileRef = E22BEEC820425AA200C504AC /* Model.swift */; };
		E22BEECB20425B5800C504AC /* Realm.swift in Sources */ = {isa = PBXBuildFile; fileRef = E22BEECA20425B5800C504AC /* Realm.swift */; };
		E23387972043539800F59FAB /* GlobalValues.swift in Sources */ = {isa = PBXBuildFile; fileRef = E23387962043539800F59FAB /* GlobalValues.swift */; };
		E2373C752041BB1200049A63 /* AppDelegate.swift in Sources */ = {isa = PBXBuildFile; fileRef = E2373C742041BB1200049A63 /* AppDelegate.swift */; };
		E2373C7A2041BB1200049A63 /* Main.storyboard in Resources */ = {isa = PBXBuildFile; fileRef = E2373C782041BB1200049A63 /* Main.storyboard */; };
		E2373C7C2041BB1200049A63 /* Assets.xcassets in Resources */ = {isa = PBXBuildFile; fileRef = E2373C7B2041BB1200049A63 /* Assets.xcassets */; };
		E2373C7F2041BB1200049A63 /* LaunchScreen.storyboard in Resources */ = {isa = PBXBuildFile; fileRef = E2373C7D2041BB1200049A63 /* LaunchScreen.storyboard */; };
		E2373C8A2041BB1200049A63 /* WaveExamTests.swift in Sources */ = {isa = PBXBuildFile; fileRef = E2373C892041BB1200049A63 /* WaveExamTests.swift */; };
		E2373C9A2041DF4900049A63 /* NetworkManager.swift in Sources */ = {isa = PBXBuildFile; fileRef = E2373C992041DF4900049A63 /* NetworkManager.swift */; };
		E2373C9C2041DF7600049A63 /* APIClient.swift in Sources */ = {isa = PBXBuildFile; fileRef = E2373C9B2041DF7600049A63 /* APIClient.swift */; };
		E2373C9E2041DFB700049A63 /* ProductService.swift in Sources */ = {isa = PBXBuildFile; fileRef = E2373C9D2041DFB700049A63 /* ProductService.swift */; };
		E2373CA02042088F00049A63 /* RequestManager.swift in Sources */ = {isa = PBXBuildFile; fileRef = E2373C9F2042088F00049A63 /* RequestManager.swift */; };
		E2373CA22042141400049A63 /* ProductViewShadow.swift in Sources */ = {isa = PBXBuildFile; fileRef = E2373CA12042141400049A63 /* ProductViewShadow.swift */; };
		E2373CA42042165000049A63 /* ProductsDataManager.swift in Sources */ = {isa = PBXBuildFile; fileRef = E2373CA32042165000049A63 /* ProductsDataManager.swift */; };
		E2373CA62042193300049A63 /* ProductTableViewCell.swift in Sources */ = {isa = PBXBuildFile; fileRef = E2373CA52042193300049A63 /* ProductTableViewCell.swift */; };
		E2373CA8204219C200049A63 /* ProductsListViewController.swift in Sources */ = {isa = PBXBuildFile; fileRef = E2373CA7204219C200049A63 /* ProductsListViewController.swift */; };
		E2373CAA2042243800049A63 /* Product.swift in Sources */ = {isa = PBXBuildFile; fileRef = E2373CA92042243800049A63 /* Product.swift */; };
		E2373CAC2042273D00049A63 /* Extensions.swift in Sources */ = {isa = PBXBuildFile; fileRef = E2373CAB2042273D00049A63 /* Extensions.swift */; };
		E262B9BE2043098B009BCD7F /* ProductMapping.swift in Sources */ = {isa = PBXBuildFile; fileRef = E262B9BD2043098B009BCD7F /* ProductMapping.swift */; };
		E262B9C0204316FD009BCD7F /* DataManager.swift in Sources */ = {isa = PBXBuildFile; fileRef = E262B9BF204316FD009BCD7F /* DataManager.swift */; };
		EC7A01234B5625C0D0716DDD /* Pods_WaveExam.framework in Frameworks */ = {isa = PBXBuildFile; fileRef = F5D3543BB3158A3972AAACFB /* Pods_WaveExam.framework */; };
/* End PBXBuildFile section */

/* Begin PBXContainerItemProxy section */
		E2373C862041BB1200049A63 /* PBXContainerItemProxy */ = {
			isa = PBXContainerItemProxy;
			containerPortal = E2373C692041BB1200049A63 /* Project object */;
			proxyType = 1;
			remoteGlobalIDString = E2373C702041BB1200049A63;
			remoteInfo = WaveExam;
		};
/* End PBXContainerItemProxy section */

/* Begin PBXFileReference section */
		15E67F983B2449063A4D7E9E /* Pods-WaveExamTests.release.xcconfig */ = {isa = PBXFileReference; includeInIndex = 1; lastKnownFileType = text.xcconfig; name = "Pods-WaveExamTests.release.xcconfig"; path = "Pods/Target Support Files/Pods-WaveExamTests/Pods-WaveExamTests.release.xcconfig"; sourceTree = "<group>"; };
		16EBA5249BC6677A89977BDE /* Pods_WaveExamTests.framework */ = {isa = PBXFileReference; explicitFileType = wrapper.framework; includeInIndex = 0; path = Pods_WaveExamTests.framework; sourceTree = BUILT_PRODUCTS_DIR; };
		4CC1446DB8C01FEC8CE77550 /* Pods-WaveExam.debug.xcconfig */ = {isa = PBXFileReference; includeInIndex = 1; lastKnownFileType = text.xcconfig; name = "Pods-WaveExam.debug.xcconfig"; path = "Pods/Target Support Files/Pods-WaveExam/Pods-WaveExam.debug.xcconfig"; sourceTree = "<group>"; };
		6ECA02D9C22515CFE5077FFC /* Pods-WaveExamTests.debug.xcconfig */ = {isa = PBXFileReference; includeInIndex = 1; lastKnownFileType = text.xcconfig; name = "Pods-WaveExamTests.debug.xcconfig"; path = "Pods/Target Support Files/Pods-WaveExamTests/Pods-WaveExamTests.debug.xcconfig"; sourceTree = "<group>"; };
		B7EE77214D210D46A1BCD754 /* Pods-WaveExam.release.xcconfig */ = {isa = PBXFileReference; includeInIndex = 1; lastKnownFileType = text.xcconfig; name = "Pods-WaveExam.release.xcconfig"; path = "Pods/Target Support Files/Pods-WaveExam/Pods-WaveExam.release.xcconfig"; sourceTree = "<group>"; };
		E22BEEC820425AA200C504AC /* Model.swift */ = {isa = PBXFileReference; fileEncoding = 4; lastKnownFileType = sourcecode.swift; path = Model.swift; sourceTree = "<group>"; };
		E22BEECA20425B5800C504AC /* Realm.swift */ = {isa = PBXFileReference; fileEncoding = 4; lastKnownFileType = sourcecode.swift; path = Realm.swift; sourceTree = "<group>"; };
		E23387962043539800F59FAB /* GlobalValues.swift */ = {isa = PBXFileReference; fileEncoding = 4; lastKnownFileType = sourcecode.swift; path = GlobalValues.swift; sourceTree = "<group>"; };
		E2373C712041BB1200049A63 /* WaveExam.app */ = {isa = PBXFileReference; explicitFileType = wrapper.application; includeInIndex = 0; path = WaveExam.app; sourceTree = BUILT_PRODUCTS_DIR; };
		E2373C742041BB1200049A63 /* AppDelegate.swift */ = {isa = PBXFileReference; lastKnownFileType = sourcecode.swift; path = AppDelegate.swift; sourceTree = "<group>"; };
		E2373C792041BB1200049A63 /* Base */ = {isa = PBXFileReference; lastKnownFileType = file.storyboard; name = Base; path = Base.lproj/Main.storyboard; sourceTree = "<group>"; };
		E2373C7B2041BB1200049A63 /* Assets.xcassets */ = {isa = PBXFileReference; lastKnownFileType = folder.assetcatalog; path = Assets.xcassets; sourceTree = "<group>"; };
		E2373C7E2041BB1200049A63 /* Base */ = {isa = PBXFileReference; lastKnownFileType = file.storyboard; name = Base; path = Base.lproj/LaunchScreen.storyboard; sourceTree = "<group>"; };
		E2373C802041BB1200049A63 /* Info.plist */ = {isa = PBXFileReference; lastKnownFileType = text.plist.xml; path = Info.plist; sourceTree = "<group>"; };
		E2373C852041BB1200049A63 /* WaveExamTests.xctest */ = {isa = PBXFileReference; explicitFileType = wrapper.cfbundle; includeInIndex = 0; path = WaveExamTests.xctest; sourceTree = BUILT_PRODUCTS_DIR; };
		E2373C892041BB1200049A63 /* WaveExamTests.swift */ = {isa = PBXFileReference; lastKnownFileType = sourcecode.swift; path = WaveExamTests.swift; sourceTree = "<group>"; };
		E2373C8B2041BB1200049A63 /* Info.plist */ = {isa = PBXFileReference; lastKnownFileType = text.plist.xml; path = Info.plist; sourceTree = "<group>"; };
		E2373C992041DF4900049A63 /* NetworkManager.swift */ = {isa = PBXFileReference; fileEncoding = 4; lastKnownFileType = sourcecode.swift; path = NetworkManager.swift; sourceTree = "<group>"; };
		E2373C9B2041DF7600049A63 /* APIClient.swift */ = {isa = PBXFileReference; fileEncoding = 4; lastKnownFileType = sourcecode.swift; path = APIClient.swift; sourceTree = "<group>"; };
		E2373C9D2041DFB700049A63 /* ProductService.swift */ = {isa = PBXFileReference; fileEncoding = 4; lastKnownFileType = sourcecode.swift; path = ProductService.swift; sourceTree = "<group>"; };
		E2373C9F2042088F00049A63 /* RequestManager.swift */ = {isa = PBXFileReference; fileEncoding = 4; lastKnownFileType = sourcecode.swift; path = RequestManager.swift; sourceTree = "<group>"; };
		E2373CA12042141400049A63 /* ProductViewShadow.swift */ = {isa = PBXFileReference; fileEncoding = 4; lastKnownFileType = sourcecode.swift; path = ProductViewShadow.swift; sourceTree = "<group>"; };
		E2373CA32042165000049A63 /* ProductsDataManager.swift */ = {isa = PBXFileReference; fileEncoding = 4; lastKnownFileType = sourcecode.swift; path = ProductsDataManager.swift; sourceTree = "<group>"; };
		E2373CA52042193300049A63 /* ProductTableViewCell.swift */ = {isa = PBXFileReference; fileEncoding = 4; lastKnownFileType = sourcecode.swift; path = ProductTableViewCell.swift; sourceTree = "<group>"; };
		E2373CA7204219C200049A63 /* ProductsListViewController.swift */ = {isa = PBXFileReference; fileEncoding = 4; lastKnownFileType = sourcecode.swift; name = ProductsListViewController.swift; path = ../ProductsListViewController.swift; sourceTree = "<group>"; };
		E2373CA92042243800049A63 /* Product.swift */ = {isa = PBXFileReference; fileEncoding = 4; lastKnownFileType = sourcecode.swift; path = Product.swift; sourceTree = "<group>"; };
		E2373CAB2042273D00049A63 /* Extensions.swift */ = {isa = PBXFileReference; fileEncoding = 4; lastKnownFileType = sourcecode.swift; path = Extensions.swift; sourceTree = "<group>"; };
		E262B9BD2043098B009BCD7F /* ProductMapping.swift */ = {isa = PBXFileReference; fileEncoding = 4; lastKnownFileType = sourcecode.swift; path = ProductMapping.swift; sourceTree = "<group>"; };
		E262B9BF204316FD009BCD7F /* DataManager.swift */ = {isa = PBXFileReference; fileEncoding = 4; lastKnownFileType = sourcecode.swift; path = DataManager.swift; sourceTree = "<group>"; };
		F5D3543BB3158A3972AAACFB /* Pods_WaveExam.framework */ = {isa = PBXFileReference; explicitFileType = wrapper.framework; includeInIndex = 0; path = Pods_WaveExam.framework; sourceTree = BUILT_PRODUCTS_DIR; };
/* End PBXFileReference section */

/* Begin PBXFrameworksBuildPhase section */
		E2373C6E2041BB1200049A63 /* Frameworks */ = {
			isa = PBXFrameworksBuildPhase;
			buildActionMask = 2147483647;
			files = (
				EC7A01234B5625C0D0716DDD /* Pods_WaveExam.framework in Frameworks */,
			);
			runOnlyForDeploymentPostprocessing = 0;
		};
		E2373C822041BB1200049A63 /* Frameworks */ = {
			isa = PBXFrameworksBuildPhase;
			buildActionMask = 2147483647;
			files = (
				947C76E404D61F1591E8454E /* Pods_WaveExamTests.framework in Frameworks */,
			);
			runOnlyForDeploymentPostprocessing = 0;
		};
/* End PBXFrameworksBuildPhase section */

/* Begin PBXGroup section */
		0E174975A65D8006031D7DAB /* Pods */ = {
			isa = PBXGroup;
			children = (
				4CC1446DB8C01FEC8CE77550 /* Pods-WaveExam.debug.xcconfig */,
				B7EE77214D210D46A1BCD754 /* Pods-WaveExam.release.xcconfig */,
				6ECA02D9C22515CFE5077FFC /* Pods-WaveExamTests.debug.xcconfig */,
				15E67F983B2449063A4D7E9E /* Pods-WaveExamTests.release.xcconfig */,
			);
			name = Pods;
			sourceTree = "<group>";
		};
		77981375ACACD5AAFB630EC7 /* Frameworks */ = {
			isa = PBXGroup;
			children = (
				F5D3543BB3158A3972AAACFB /* Pods_WaveExam.framework */,
				16EBA5249BC6677A89977BDE /* Pods_WaveExamTests.framework */,
			);
			name = Frameworks;
			sourceTree = "<group>";
		};
		E2373C682041BB1200049A63 = {
			isa = PBXGroup;
			children = (
				E2373C732041BB1200049A63 /* WaveExam */,
				E2373C882041BB1200049A63 /* WaveExamTests */,
				E2373C722041BB1200049A63 /* Products */,
				0E174975A65D8006031D7DAB /* Pods */,
				77981375ACACD5AAFB630EC7 /* Frameworks */,
			);
			sourceTree = "<group>";
		};
		E2373C722041BB1200049A63 /* Products */ = {
			isa = PBXGroup;
			children = (
				E2373C712041BB1200049A63 /* WaveExam.app */,
				E2373C852041BB1200049A63 /* WaveExamTests.xctest */,
			);
			name = Products;
			sourceTree = "<group>";
		};
		E2373C732041BB1200049A63 /* WaveExam */ = {
			isa = PBXGroup;
			children = (
				E2373C982041DE5200049A63 /* StorageLayer */,
				E2373C972041DE3300049A63 /* BusLogicLayer */,
				E2373C962041DE2700049A63 /* UILayer */,
				E2373C942041DE0500049A63 /* ServiceLayer */,
				E2373C742041BB1200049A63 /* AppDelegate.swift */,
				E2373C7B2041BB1200049A63 /* Assets.xcassets */,
				E2373C802041BB1200049A63 /* Info.plist */,
			);
			path = WaveExam;
			sourceTree = "<group>";
		};
		E2373C882041BB1200049A63 /* WaveExamTests */ = {
			isa = PBXGroup;
			children = (
				E2373C892041BB1200049A63 /* WaveExamTests.swift */,
				E2373C8B2041BB1200049A63 /* Info.plist */,
			);
			path = WaveExamTests;
			sourceTree = "<group>";
		};
		E2373C942041DE0500049A63 /* ServiceLayer */ = {
			isa = PBXGroup;
			children = (
				E2373C992041DF4900049A63 /* NetworkManager.swift */,
				E2373C9F2042088F00049A63 /* RequestManager.swift */,
				E2373C9D2041DFB700049A63 /* ProductService.swift */,
				E2373C9B2041DF7600049A63 /* APIClient.swift */,
			);
			name = ServiceLayer;
			sourceTree = "<group>";
		};
		E2373C962041DE2700049A63 /* UILayer */ = {
			isa = PBXGroup;
			children = (
				E2373CA7204219C200049A63 /* ProductsListViewController.swift */,
				E2373CA52042193300049A63 /* ProductTableViewCell.swift */,
				E2373CA12042141400049A63 /* ProductViewShadow.swift */,
				E2373CA32042165000049A63 /* ProductsDataManager.swift */,
				E2373C782041BB1200049A63 /* Main.storyboard */,
				E2373C7D2041BB1200049A63 /* LaunchScreen.storyboard */,
			);
			name = UILayer;
			sourceTree = "<group>";
		};
		E2373C972041DE3300049A63 /* BusLogicLayer */ = {
			isa = PBXGroup;
			children = (
				E262B9BD2043098B009BCD7F /* ProductMapping.swift */,
				E23387962043539800F59FAB /* GlobalValues.swift */,
				E262B9BF204316FD009BCD7F /* DataManager.swift */,
				E2373CAB2042273D00049A63 /* Extensions.swift */,
			);
			name = BusLogicLayer;
			sourceTree = "<group>";
		};
		E2373C982041DE5200049A63 /* StorageLayer */ = {
			isa = PBXGroup;
			children = (
				E2373CA92042243800049A63 /* Product.swift */,
				E22BEEC820425AA200C504AC /* Model.swift */,
				E22BEECA20425B5800C504AC /* Realm.swift */,
			);
			name = StorageLayer;
			sourceTree = "<group>";
		};
/* End PBXGroup section */

/* Begin PBXNativeTarget section */
		E2373C702041BB1200049A63 /* WaveExam */ = {
			isa = PBXNativeTarget;
			buildConfigurationList = E2373C8E2041BB1300049A63 /* Build configuration list for PBXNativeTarget "WaveExam" */;
			buildPhases = (
				B5FDB8CC23EA6466DFBA9A26 /* [CP] Check Pods Manifest.lock */,
				E2373C6D2041BB1200049A63 /* Sources */,
				E2373C6E2041BB1200049A63 /* Frameworks */,
				E2373C6F2041BB1200049A63 /* Resources */,
				1B2D7287E0F10558AB135D57 /* [CP] Embed Pods Frameworks */,
				442E22457AB6D14DD956F767 /* [CP] Copy Pods Resources */,
			);
			buildRules = (
			);
			dependencies = (
			);
			name = WaveExam;
			productName = WaveExam;
			productReference = E2373C712041BB1200049A63 /* WaveExam.app */;
			productType = "com.apple.product-type.application";
		};
		E2373C842041BB1200049A63 /* WaveExamTests */ = {
			isa = PBXNativeTarget;
			buildConfigurationList = E2373C912041BB1300049A63 /* Build configuration list for PBXNativeTarget "WaveExamTests" */;
			buildPhases = (
				47A1F9B16B8B5CA06AE99AA5 /* [CP] Check Pods Manifest.lock */,
				E2373C812041BB1200049A63 /* Sources */,
				E2373C822041BB1200049A63 /* Frameworks */,
				E2373C832041BB1200049A63 /* Resources */,
				5571AF0A80FD2435C3137066 /* [CP] Embed Pods Frameworks */,
				6072385CD79FDACE0F6426D1 /* [CP] Copy Pods Resources */,
			);
			buildRules = (
			);
			dependencies = (
				E2373C872041BB1200049A63 /* PBXTargetDependency */,
			);
			name = WaveExamTests;
			productName = WaveExamTests;
			productReference = E2373C852041BB1200049A63 /* WaveExamTests.xctest */;
			productType = "com.apple.product-type.bundle.unit-test";
		};
/* End PBXNativeTarget section */

/* Begin PBXProject section */
		E2373C692041BB1200049A63 /* Project object */ = {
			isa = PBXProject;
			attributes = {
				LastSwiftUpdateCheck = 0830;
				LastUpgradeCheck = 0830;
				ORGANIZATIONNAME = "Ksyunia Efimova";
				TargetAttributes = {
					E2373C702041BB1200049A63 = {
						CreatedOnToolsVersion = 8.3.3;
						DevelopmentTeam = ACUX6DVH6C;
						ProvisioningStyle = Automatic;
					};
					E2373C842041BB1200049A63 = {
						CreatedOnToolsVersion = 8.3.3;
						DevelopmentTeam = ACUX6DVH6C;
						ProvisioningStyle = Automatic;
						TestTargetID = E2373C702041BB1200049A63;
					};
				};
			};
			buildConfigurationList = E2373C6C2041BB1200049A63 /* Build configuration list for PBXProject "WaveExam" */;
			compatibilityVersion = "Xcode 3.2";
			developmentRegion = English;
			hasScannedForEncodings = 0;
			knownRegions = (
				en,
				Base,
			);
			mainGroup = E2373C682041BB1200049A63;
			productRefGroup = E2373C722041BB1200049A63 /* Products */;
			projectDirPath = "";
			projectRoot = "";
			targets = (
				E2373C702041BB1200049A63 /* WaveExam */,
				E2373C842041BB1200049A63 /* WaveExamTests */,
			);
		};
/* End PBXProject section */

/* Begin PBXResourcesBuildPhase section */
		E2373C6F2041BB1200049A63 /* Resources */ = {
			isa = PBXResourcesBuildPhase;
			buildActionMask = 2147483647;
			files = (
				E2373C7F2041BB1200049A63 /* LaunchScreen.storyboard in Resources */,
				E2373C7C2041BB1200049A63 /* Assets.xcassets in Resources */,
				E2373C7A2041BB1200049A63 /* Main.storyboard in Resources */,
			);
			runOnlyForDeploymentPostprocessing = 0;
		};
		E2373C832041BB1200049A63 /* Resources */ = {
			isa = PBXResourcesBuildPhase;
			buildActionMask = 2147483647;
			files = (
			);
			runOnlyForDeploymentPostprocessing = 0;
		};
/* End PBXResourcesBuildPhase section */

/* Begin PBXShellScriptBuildPhase section */
		1B2D7287E0F10558AB135D57 /* [CP] Embed Pods Frameworks */ = {
			isa = PBXShellScriptBuildPhase;
			buildActionMask = 2147483647;
			files = (
			);
			inputPaths = (
			);
			name = "[CP] Embed Pods Frameworks";
			outputPaths = (
			);
			runOnlyForDeploymentPostprocessing = 0;
			shellPath = /bin/sh;
			shellScript = "\"${SRCROOT}/Pods/Target Support Files/Pods-WaveExam/Pods-WaveExam-frameworks.sh\"\n";
			showEnvVarsInLog = 0;
		};
		442E22457AB6D14DD956F767 /* [CP] Copy Pods Resources */ = {
			isa = PBXShellScriptBuildPhase;
			buildActionMask = 2147483647;
			files = (
			);
			inputPaths = (
			);
			name = "[CP] Copy Pods Resources";
			outputPaths = (
			);
			runOnlyForDeploymentPostprocessing = 0;
			shellPath = /bin/sh;
			shellScript = "\"${SRCROOT}/Pods/Target Support Files/Pods-WaveExam/Pods-WaveExam-resources.sh\"\n";
			showEnvVarsInLog = 0;
		};
		47A1F9B16B8B5CA06AE99AA5 /* [CP] Check Pods Manifest.lock */ = {
			isa = PBXShellScriptBuildPhase;
			buildActionMask = 2147483647;
			files = (
			);
			inputPaths = (
			);
			name = "[CP] Check Pods Manifest.lock";
			outputPaths = (
			);
			runOnlyForDeploymentPostprocessing = 0;
			shellPath = /bin/sh;
			shellScript = "diff \"${PODS_ROOT}/../Podfile.lock\" \"${PODS_ROOT}/Manifest.lock\" > /dev/null\nif [ $? != 0 ] ; then\n    # print error to STDERR\n    echo \"error: The sandbox is not in sync with the Podfile.lock. Run 'pod install' or update your CocoaPods installation.\" >&2\n    exit 1\nfi\n";
			showEnvVarsInLog = 0;
		};
		5571AF0A80FD2435C3137066 /* [CP] Embed Pods Frameworks */ = {
			isa = PBXShellScriptBuildPhase;
			buildActionMask = 2147483647;
			files = (
			);
			inputPaths = (
			);
			name = "[CP] Embed Pods Frameworks";
			outputPaths = (
			);
			runOnlyForDeploymentPostprocessing = 0;
			shellPath = /bin/sh;
			shellScript = "\"${SRCROOT}/Pods/Target Support Files/Pods-WaveExamTests/Pods-WaveExamTests-frameworks.sh\"\n";
			showEnvVarsInLog = 0;
		};
		6072385CD79FDACE0F6426D1 /* [CP] Copy Pods Resources */ = {
			isa = PBXShellScriptBuildPhase;
			buildActionMask = 2147483647;
			files = (
			);
			inputPaths = (
			);
			name = "[CP] Copy Pods Resources";
			outputPaths = (
			);
			runOnlyForDeploymentPostprocessing = 0;
			shellPath = /bin/sh;
			shellScript = "\"${SRCROOT}/Pods/Target Support Files/Pods-WaveExamTests/Pods-WaveExamTests-resources.sh\"\n";
			showEnvVarsInLog = 0;
		};
		B5FDB8CC23EA6466DFBA9A26 /* [CP] Check Pods Manifest.lock */ = {
			isa = PBXShellScriptBuildPhase;
			buildActionMask = 2147483647;
			files = (
			);
			inputPaths = (
			);
			name = "[CP] Check Pods Manifest.lock";
			outputPaths = (
			);
			runOnlyForDeploymentPostprocessing = 0;
			shellPath = /bin/sh;
			shellScript = "diff \"${PODS_ROOT}/../Podfile.lock\" \"${PODS_ROOT}/Manifest.lock\" > /dev/null\nif [ $? != 0 ] ; then\n    # print error to STDERR\n    echo \"error: The sandbox is not in sync with the Podfile.lock. Run 'pod install' or update your CocoaPods installation.\" >&2\n    exit 1\nfi\n";
			showEnvVarsInLog = 0;
		};
/* End PBXShellScriptBuildPhase section */

/* Begin PBXSourcesBuildPhase section */
		E2373C6D2041BB1200049A63 /* Sources */ = {
			isa = PBXSourcesBuildPhase;
			buildActionMask = 2147483647;
			files = (
				E2373C9A2041DF4900049A63 /* NetworkManager.swift in Sources */,
				E262B9C0204316FD009BCD7F /* DataManager.swift in Sources */,
				E2373CA62042193300049A63 /* ProductTableViewCell.swift in Sources */,
				E2373C752041BB1200049A63 /* AppDelegate.swift in Sources */,
				E22BEEC920425AA200C504AC /* Model.swift in Sources */,
				E2373CA02042088F00049A63 /* RequestManager.swift in Sources */,
				E2373CA22042141400049A63 /* ProductViewShadow.swift in Sources */,
				E22BEECB20425B5800C504AC /* Realm.swift in Sources */,
				E2373CA42042165000049A63 /* ProductsDataManager.swift in Sources */,
				E2373C9C2041DF7600049A63 /* APIClient.swift in Sources */,
				E2373CAA2042243800049A63 /* Product.swift in Sources */,
				E262B9BE2043098B009BCD7F /* ProductMapping.swift in Sources */,
				E2373C9E2041DFB700049A63 /* ProductService.swift in Sources */,
				E2373CAC2042273D00049A63 /* Extensions.swift in Sources */,
				E23387972043539800F59FAB /* GlobalValues.swift in Sources */,
				E2373CA8204219C200049A63 /* ProductsListViewController.swift in Sources */,
			);
			runOnlyForDeploymentPostprocessing = 0;
		};
		E2373C812041BB1200049A63 /* Sources */ = {
			isa = PBXSourcesBuildPhase;
			buildActionMask = 2147483647;
			files = (
				E2373C8A2041BB1200049A63 /* WaveExamTests.swift in Sources */,
			);
			runOnlyForDeploymentPostprocessing = 0;
		};
/* End PBXSourcesBuildPhase section */

/* Begin PBXTargetDependency section */
		E2373C872041BB1200049A63 /* PBXTargetDependency */ = {
			isa = PBXTargetDependency;
			target = E2373C702041BB1200049A63 /* WaveExam */;
			targetProxy = E2373C862041BB1200049A63 /* PBXContainerItemProxy */;
		};
/* End PBXTargetDependency section */

/* Begin PBXVariantGroup section */
		E2373C782041BB1200049A63 /* Main.storyboard */ = {
			isa = PBXVariantGroup;
			children = (
				E2373C792041BB1200049A63 /* Base */,
			);
			name = Main.storyboard;
			sourceTree = "<group>";
		};
		E2373C7D2041BB1200049A63 /* LaunchScreen.storyboard */ = {
			isa = PBXVariantGroup;
			children = (
				E2373C7E2041BB1200049A63 /* Base */,
			);
			name = LaunchScreen.storyboard;
			sourceTree = "<group>";
		};
/* End PBXVariantGroup section */

/* Begin XCBuildConfiguration section */
		E2373C8C2041BB1300049A63 /* Debug */ = {
			isa = XCBuildConfiguration;
			buildSettings = {
				ALWAYS_SEARCH_USER_PATHS = NO;
				CLANG_ANALYZER_NONNULL = YES;
				CLANG_ANALYZER_NUMBER_OBJECT_CONVERSION = YES_AGGRESSIVE;
				CLANG_CXX_LANGUAGE_STANDARD = "gnu++0x";
				CLANG_CXX_LIBRARY = "libc++";
				CLANG_ENABLE_MODULES = YES;
				CLANG_ENABLE_OBJC_ARC = YES;
				CLANG_WARN_BOOL_CONVERSION = YES;
				CLANG_WARN_CONSTANT_CONVERSION = YES;
				CLANG_WARN_DIRECT_OBJC_ISA_USAGE = YES_ERROR;
				CLANG_WARN_DOCUMENTATION_COMMENTS = YES;
				CLANG_WARN_EMPTY_BODY = YES;
				CLANG_WARN_ENUM_CONVERSION = YES;
				CLANG_WARN_INFINITE_RECURSION = YES;
				CLANG_WARN_INT_CONVERSION = YES;
				CLANG_WARN_OBJC_ROOT_CLASS = YES_ERROR;
				CLANG_WARN_SUSPICIOUS_MOVE = YES;
				CLANG_WARN_UNREACHABLE_CODE = YES;
				CLANG_WARN__DUPLICATE_METHOD_MATCH = YES;
				"CODE_SIGN_IDENTITY[sdk=iphoneos*]" = "iPhone Developer";
				COPY_PHASE_STRIP = NO;
				DEBUG_INFORMATION_FORMAT = dwarf;
				ENABLE_STRICT_OBJC_MSGSEND = YES;
				ENABLE_TESTABILITY = YES;
				GCC_C_LANGUAGE_STANDARD = gnu99;
				GCC_DYNAMIC_NO_PIC = NO;
				GCC_NO_COMMON_BLOCKS = YES;
				GCC_OPTIMIZATION_LEVEL = 0;
				GCC_PREPROCESSOR_DEFINITIONS = (
					"DEBUG=1",
					"$(inherited)",
				);
				GCC_WARN_64_TO_32_BIT_CONVERSION = YES;
				GCC_WARN_ABOUT_RETURN_TYPE = YES_ERROR;
				GCC_WARN_UNDECLARED_SELECTOR = YES;
				GCC_WARN_UNINITIALIZED_AUTOS = YES_AGGRESSIVE;
				GCC_WARN_UNUSED_FUNCTION = YES;
				GCC_WARN_UNUSED_VARIABLE = YES;
				IPHONEOS_DEPLOYMENT_TARGET = 10.3;
				MTL_ENABLE_DEBUG_INFO = YES;
				ONLY_ACTIVE_ARCH = YES;
				SDKROOT = iphoneos;
				SWIFT_ACTIVE_COMPILATION_CONDITIONS = DEBUG;
				SWIFT_OPTIMIZATION_LEVEL = "-Onone";
			};
			name = Debug;
		};
		E2373C8D2041BB1300049A63 /* Release */ = {
			isa = XCBuildConfiguration;
			buildSettings = {
				ALWAYS_SEARCH_USER_PATHS = NO;
				CLANG_ANALYZER_NONNULL = YES;
				CLANG_ANALYZER_NUMBER_OBJECT_CONVERSION = YES_AGGRESSIVE;
				CLANG_CXX_LANGUAGE_STANDARD = "gnu++0x";
				CLANG_CXX_LIBRARY = "libc++";
				CLANG_ENABLE_MODULES = YES;
				CLANG_ENABLE_OBJC_ARC = YES;
				CLANG_WARN_BOOL_CONVERSION = YES;
				CLANG_WARN_CONSTANT_CONVERSION = YES;
				CLANG_WARN_DIRECT_OBJC_ISA_USAGE = YES_ERROR;
				CLANG_WARN_DOCUMENTATION_COMMENTS = YES;
				CLANG_WARN_EMPTY_BODY = YES;
				CLANG_WARN_ENUM_CONVERSION = YES;
				CLANG_WARN_INFINITE_RECURSION = YES;
				CLANG_WARN_INT_CONVERSION = YES;
				CLANG_WARN_OBJC_ROOT_CLASS = YES_ERROR;
				CLANG_WARN_SUSPICIOUS_MOVE = YES;
				CLANG_WARN_UNREACHABLE_CODE = YES;
				CLANG_WARN__DUPLICATE_METHOD_MATCH = YES;
				"CODE_SIGN_IDENTITY[sdk=iphoneos*]" = "iPhone Developer";
				COPY_PHASE_STRIP = NO;
				DEBUG_INFORMATION_FORMAT = "dwarf-with-dsym";
				ENABLE_NS_ASSERTIONS = NO;
				ENABLE_STRICT_OBJC_MSGSEND = YES;
				GCC_C_LANGUAGE_STANDARD = gnu99;
				GCC_NO_COMMON_BLOCKS = YES;
				GCC_WARN_64_TO_32_BIT_CONVERSION = YES;
				GCC_WARN_ABOUT_RETURN_TYPE = YES_ERROR;
				GCC_WARN_UNDECLARED_SELECTOR = YES;
				GCC_WARN_UNINITIALIZED_AUTOS = YES_AGGRESSIVE;
				GCC_WARN_UNUSED_FUNCTION = YES;
				GCC_WARN_UNUSED_VARIABLE = YES;
				IPHONEOS_DEPLOYMENT_TARGET = 10.3;
				MTL_ENABLE_DEBUG_INFO = NO;
				SDKROOT = iphoneos;
				SWIFT_OPTIMIZATION_LEVEL = "-Owholemodule";
				VALIDATE_PRODUCT = YES;
			};
			name = Release;
		};
		E2373C8F2041BB1300049A63 /* Debug */ = {
			isa = XCBuildConfiguration;
			baseConfigurationReference = 4CC1446DB8C01FEC8CE77550 /* Pods-WaveExam.debug.xcconfig */;
			buildSettings = {
				ASSETCATALOG_COMPILER_APPICON_NAME = AppIcon;
				DEVELOPMENT_TEAM = ACUX6DVH6C;
				INFOPLIST_FILE = WaveExam/Info.plist;
				LD_RUNPATH_SEARCH_PATHS = "$(inherited) @executable_path/Frameworks";
				PRODUCT_BUNDLE_IDENTIFIER = com.ksyunia.WaveExam;
				PRODUCT_NAME = "$(TARGET_NAME)";
				SWIFT_VERSION = 3.0;
			};
			name = Debug;
		};
		E2373C902041BB1300049A63 /* Release */ = {
			isa = XCBuildConfiguration;
			baseConfigurationReference = B7EE77214D210D46A1BCD754 /* Pods-WaveExam.release.xcconfig */;
			buildSettings = {
				ASSETCATALOG_COMPILER_APPICON_NAME = AppIcon;
				DEVELOPMENT_TEAM = ACUX6DVH6C;
				INFOPLIST_FILE = WaveExam/Info.plist;
				LD_RUNPATH_SEARCH_PATHS = "$(inherited) @executable_path/Frameworks";
				PRODUCT_BUNDLE_IDENTIFIER = com.ksyunia.WaveExam;
				PRODUCT_NAME = "$(TARGET_NAME)";
				SWIFT_VERSION = 3.0;
			};
			name = Release;
		};
		E2373C922041BB1300049A63 /* Debug */ = {
			isa = XCBuildConfiguration;
			baseConfigurationReference = 6ECA02D9C22515CFE5077FFC /* Pods-WaveExamTests.debug.xcconfig */;
			buildSettings = {
				ALWAYS_EMBED_SWIFT_STANDARD_LIBRARIES = YES;
				BUNDLE_LOADER = "$(TEST_HOST)";
				DEVELOPMENT_TEAM = ACUX6DVH6C;
				INFOPLIST_FILE = WaveExamTests/Info.plist;
				LD_RUNPATH_SEARCH_PATHS = "$(inherited) @executable_path/Frameworks @loader_path/Frameworks";
				PRODUCT_BUNDLE_IDENTIFIER = com.ksyunia.WaveExamTests;
				PRODUCT_NAME = "$(TARGET_NAME)";
				SWIFT_VERSION = 3.0;
				TEST_HOST = "$(BUILT_PRODUCTS_DIR)/WaveExam.app/WaveExam";
			};
			name = Debug;
		};
		E2373C932041BB1300049A63 /* Release */ = {
			isa = XCBuildConfiguration;
			baseConfigurationReference = 15E67F983B2449063A4D7E9E /* Pods-WaveExamTests.release.xcconfig */;
			buildSettings = {
				ALWAYS_EMBED_SWIFT_STANDARD_LIBRARIES = YES;
				BUNDLE_LOADER = "$(TEST_HOST)";
				DEVELOPMENT_TEAM = ACUX6DVH6C;
				INFOPLIST_FILE = WaveExamTests/Info.plist;
				LD_RUNPATH_SEARCH_PATHS = "$(inherited) @executable_path/Frameworks @loader_path/Frameworks";
				PRODUCT_BUNDLE_IDENTIFIER = com.ksyunia.WaveExamTests;
				PRODUCT_NAME = "$(TARGET_NAME)";
				SWIFT_VERSION = 3.0;
				TEST_HOST = "$(BUILT_PRODUCTS_DIR)/WaveExam.app/WaveExam";
			};
			name = Release;
		};
/* End XCBuildConfiguration section */

/* Begin XCConfigurationList section */
		E2373C6C2041BB1200049A63 /* Build configuration list for PBXProject "WaveExam" */ = {
			isa = XCConfigurationList;
			buildConfigurations = (
				E2373C8C2041BB1300049A63 /* Debug */,
				E2373C8D2041BB1300049A63 /* Release */,
			);
			defaultConfigurationIsVisible = 0;
			defaultConfigurationName = Release;
		};
		E2373C8E2041BB1300049A63 /* Build configuration list for PBXNativeTarget "WaveExam" */ = {
			isa = XCConfigurationList;
			buildConfigurations = (
				E2373C8F2041BB1300049A63 /* Debug */,
				E2373C902041BB1300049A63 /* Release */,
			);
			defaultConfigurationIsVisible = 0;
			defaultConfigurationName = Release;
		};
		E2373C912041BB1300049A63 /* Build configuration list for PBXNativeTarget "WaveExamTests" */ = {
			isa = XCConfigurationList;
			buildConfigurations = (
				E2373C922041BB1300049A63 /* Debug */,
				E2373C932041BB1300049A63 /* Release */,
			);
			defaultConfigurationIsVisible = 0;
			defaultConfigurationName = Release;
		};
/* End XCConfigurationList section */
	};
	rootObject = E2373C692041BB1200049A63 /* Project object */;
}
